
Microsoft Visual Studio Solution File, Format Version 12.00
# Visual Studio 15
VisualStudioVersion = 15.0.28307.1800
MinimumVisualStudioVersion = 10.0.40219.1
Project("{FAE04EC0-301F-11D3-BF4B-00C04F79EFBC}") = "Sample03", "Sample03\Sample03.csproj", "{D47D06DE-F030-4EFA-9936-B46B2FAFB01C}"
EndProject
Global
	GlobalSection(SolutionConfigurationPlatforms) = preSolution
		Debug|Any CPU = Debug|Any CPU
		Release|Any CPU = Release|Any CPU
	EndGlobalSection
	GlobalSection(ProjectConfigurationPlatforms) = postSolution
		{D47D06DE-F030-4EFA-9936-B46B2FAFB01C}.Debug|Any CPU.ActiveCfg = Debug|Any CPU
		{D47D06DE-F030-4EFA-9936-B46B2FAFB01C}.Debug|Any CPU.Build.0 = Debug|Any CPU
		{D47D06DE-F030-4EFA-9936-B46B2FAFB01C}.Release|Any CPU.ActiveCfg = Release|Any CPU
		{D47D06DE-F030-4EFA-9936-B46B2FAFB01C}.Release|Any CPU.Build.0 = Release|Any CPU
	EndGlobalSection
	GlobalSection(SolutionProperties) = preSolution
		HideSolutionNode = FALSE
	EndGlobalSection
	GlobalSection(ExtensibilityGlobals) = postSolution
		SolutionGuid = {FA417C3F-4761-429D-A63D-1F60D0C664EB}
	EndGlobalSection
EndGlobal
